{
  "name": "ai-fund-stock-data",
  "version": "0.1.0",
  "lockfileVersion": 3,
  "requires": true,
  "packages": {
    "": {
      "name": "ai-fund-stock-data",
      "version": "0.1.0",
      "dependencies": {
        "stock-sdk": "2.4.1"
      },
      "engines": {
        "node": ">=18"
      }
    },
    "node_modules/stock-sdk": {
      "version": "2.4.1",
      "resolved": "https://registry.npmmirror.com/stock-sdk/-/stock-sdk-2.4.1.tgz",
      "integrity": "sha512-sjNzY6Z0oMAOxAzyR5w+Ang23lAWJAYqKYhWa0r2NrSza50v7Vxphd0d+kYGXn9E3V+eWhnzHboLsi1APDiTow==",
      "license": "ISC",
      "bin": {
        "stock-sdk": "dist/cli.js"
      },
      "engines": {
        "node": ">=18.0.0"
      }
    }
  }
}
